GIT
  remote: https://github.com/joelliusczar/salad_prep
  revision: 2dd9d2f9746ae0182f891fe0173fd35d8d9ab5c1
  specs:
    salad_prep (0.35.3)
      base64 (~> 0.2)
      bigdecimal (~> 3.1)
      ostruct (~> 0.6)
      ruby-mysql (~> 4.1)

GEM
  remote: https://rubygems.org/
  specs:
    base64 (0.3.0)
    bigdecimal (3.2.0)
    ostruct (0.6.1)
    ruby-mysql (4.2.0)

PLATFORMS
  ruby
  x86_64-linux

DEPENDENCIES
  salad_prep!

BUNDLED WITH
   2.5.16
